Microsoft Visual Studio Solution File, Format Version 12.00
# Visual Studio 15
VisualStudioVersion = 15.0.26403.7
MinimumVisualStudioVersion = 10.0.40219.1
Project("{FAE04EC0-301F-11D3-BF4B-00C04F79EFBC}") = "Messages", "Messages\Messages.csproj", "{E37DEE02-75EC-4851-A05F-C5132E11472F}"
EndProject
Project("{FAE04EC0-301F-11D3-BF4B-00C04F79EFBC}") = "Messages.Tests", "Messages.Tests\Messages.Tests.csproj", "{5B9980BA-AF21-4F38-ADCE-7879713DF94A}"
EndProject
Project("{2150E333-8FDC-42A3-9474-1A3956D46DE8}") = "Settings", "Settings", "{22FE5D26-0937-4B4E-941F-DBC8E9AEC6EB}"
	ProjectSection(SolutionItems) = preProject
		appsettings.json = appsettings.json
		host.json = host.json
	EndProjectSection
EndProject
Global
	GlobalSection(SolutionConfigurationPlatforms) = preSolution
		Debug|Any CPU = Debug|Any CPU
		Debug|x64 = Debug|x64
		Release|Any CPU = Release|Any CPU
		Release|x64 = Release|x64
	EndGlobalSection
	GlobalSection(ProjectConfigurationPlatforms) = postSolution
		{E37DEE02-75EC-4851-A05F-C5132E11472F}.Debug|Any CPU.ActiveCfg = Debug|Any CPU
		{E37DEE02-75EC-4851-A05F-C5132E11472F}.Debug|Any CPU.Build.0 = Debug|Any CPU
		{E37DEE02-75EC-4851-A05F-C5132E11472F}.Debug|x64.ActiveCfg = Debug|Any CPU
		{E37DEE02-75EC-4851-A05F-C5132E11472F}.Debug|x64.Build.0 = Debug|Any CPU
		{E37DEE02-75EC-4851-A05F-C5132E11472F}.Release|Any CPU.ActiveCfg = Release|Any CPU
		{E37DEE02-75EC-4851-A05F-C5132E11472F}.Release|Any CPU.Build.0 = Release|Any CPU
		{E37DEE02-75EC-4851-A05F-C5132E11472F}.Release|x64.ActiveCfg = Release|Any CPU
		{E37DEE02-75EC-4851-A05F-C5132E11472F}.Release|x64.Build.0 = Release|Any CPU
		{5B9980BA-AF21-4F38-ADCE-7879713DF94A}.Debug|Any CPU.ActiveCfg = Debug|Any CPU
		{5B9980BA-AF21-4F38-ADCE-7879713DF94A}.Debug|Any CPU.Build.0 = Debug|Any CPU
		{5B9980BA-AF21-4F38-ADCE-7879713DF94A}.Debug|x64.ActiveCfg = Debug|Any CPU
		{5B9980BA-AF21-4F38-ADCE-7879713DF94A}.Debug|x64.Build.0 = Debug|Any CPU
		{5B9980BA-AF21-4F38-ADCE-7879713DF94A}.Release|Any CPU.ActiveCfg = Release|Any CPU
		{5B9980BA-AF21-4F38-ADCE-7879713DF94A}.Release|Any CPU.Build.0 = Release|Any CPU
		{5B9980BA-AF21-4F38-ADCE-7879713DF94A}.Release|x64.ActiveCfg = Release|Any CPU
		{5B9980BA-AF21-4F38-ADCE-7879713DF94A}.Release|x64.Build.0 = Release|Any CPU
	EndGlobalSection
	GlobalSection(SolutionProperties) = preSolution
		HideSolutionNode = FALSE
	EndGlobalSection
EndGlobal
